{
  "name": "@npmcli/pull",
  "version": "1.0.3",
  "lockfileVersion": 2,
  "requires": true,
  "packages": {
    "": {
      "name": "@npmcli/pull",
      "version": "1.0.3",
      "license": "ISC",
      "dependencies": {
        "json": "^10.0.0"
      },
      "bin": {
        "pull": "pull.sh"
      }
    },
    "node_modules/json": {
      "version": "10.0.0",
      "resolved": "https://registry.npmjs.org/json/-/json-10.0.0.tgz",
      "integrity": "sha512-iK7tAZtpoghibjdB1ncCWykeBMmke3JThUe+rnkD4qkZaglOIQ70Pw7r5UJ4lyUT+7gnw7ehmmLUHDuhqzQD+g==",
      "bin": {
        "json": "lib/json.js"
      },
      "engines": {
        "node": ">=0.10.0"
      }
    }
  },
  "dependencies": {
    "json": {
      "version": "10.0.0",
      "resolved": "https://registry.npmjs.org/json/-/json-10.0.0.tgz",
      "integrity": "sha512-iK7tAZtpoghibjdB1ncCWykeBMmke3JThUe+rnkD4qkZaglOIQ70Pw7r5UJ4lyUT+7gnw7ehmmLUHDuhqzQD+g=="
    }
  }
}
